
Microsoft Visual Studio Solution File, Format Version 12.00
# Visual Studio 14
VisualStudioVersion = 14.0.25420.1
MinimumVisualStudioVersion = 10.0.40219.1
Project("{FAE04EC0-301F-11D3-BF4B-00C04F79EFBC}") = "Task-1-Class123", "Task-1-Class123\Task-1-Class123.csproj", "{6A5A5C91-C546-40E2-9FC9-7138657101FA}"
EndProject
Project("{FAE04EC0-301F-11D3-BF4B-00C04F79EFBC}") = "Task-2-MakeChuek", "Task-2-MakeChuek\Task-2-MakeChuek.csproj", "{E53F00B8-316F-4BD9-8F56-44240B3FA2BE}"
EndProject
Project("{FAE04EC0-301F-11D3-BF4B-00C04F79EFBC}") = "Task-3-Javascript", "Task-3-Javascript\Task-3-Javascript.csproj", "{4ADDA338-4DD2-4D71-9F1B-C99E7D2D1C14}"
EndProject
Global
	GlobalSection(SolutionConfigurationPlatforms) = preSolution
		Debug|Any CPU = Debug|Any CPU
		Release|Any CPU = Release|Any CPU
	EndGlobalSection
	GlobalSection(ProjectConfigurationPlatforms) = postSolution
		{6A5A5C91-C546-40E2-9FC9-7138657101FA}.Debug|Any CPU.ActiveCfg = Debug|Any CPU
		{6A5A5C91-C546-40E2-9FC9-7138657101FA}.Debug|Any CPU.Build.0 = Debug|Any CPU
		{6A5A5C91-C546-40E2-9FC9-7138657101FA}.Release|Any CPU.ActiveCfg = Release|Any CPU
		{6A5A5C91-C546-40E2-9FC9-7138657101FA}.Release|Any CPU.Build.0 = Release|Any CPU
		{E53F00B8-316F-4BD9-8F56-44240B3FA2BE}.Debug|Any CPU.ActiveCfg = Debug|Any CPU
		{E53F00B8-316F-4BD9-8F56-44240B3FA2BE}.Debug|Any CPU.Build.0 = Debug|Any CPU
		{E53F00B8-316F-4BD9-8F56-44240B3FA2BE}.Release|Any CPU.ActiveCfg = Release|Any CPU
		{E53F00B8-316F-4BD9-8F56-44240B3FA2BE}.Release|Any CPU.Build.0 = Release|Any CPU
		{4ADDA338-4DD2-4D71-9F1B-C99E7D2D1C14}.Debug|Any CPU.ActiveCfg = Debug|Any CPU
		{4ADDA338-4DD2-4D71-9F1B-C99E7D2D1C14}.Debug|Any CPU.Build.0 = Debug|Any CPU
		{4ADDA338-4DD2-4D71-9F1B-C99E7D2D1C14}.Release|Any CPU.ActiveCfg = Release|Any CPU
		{4ADDA338-4DD2-4D71-9F1B-C99E7D2D1C14}.Release|Any CPU.Build.0 = Release|Any CPU
	EndGlobalSection
	GlobalSection(SolutionProperties) = preSolution
		HideSolutionNode = FALSE
	EndGlobalSection
EndGlobal
