
Microsoft Visual Studio Solution File, Format Version 12.00
# Visual Studio 14
VisualStudioVersion = 14.0.25123.0
MinimumVisualStudioVersion = 10.0.40219.1
Project("{FAE04EC0-301F-11D3-BF4B-00C04F79EFBC}") = "01.Task1.Variant4", "01.Task1.Variant4\01.Task1.Variant4.csproj", "{AD4D6471-CACD-43AA-8987-E8D391A40F77}"
EndProject
Project("{FAE04EC0-301F-11D3-BF4B-00C04F79EFBC}") = "02.Task2.Variant4", "02.Task2.Variant4\02.Task2.Variant4.csproj", "{B9D64D97-76E6-43B7-A3D1-DD29FE2E1BB5}"
EndProject
Project("{FAE04EC0-301F-11D3-BF4B-00C04F79EFBC}") = "03.Task3.Variant4", "03.Task3.Variant4\03.Task3.Variant4.csproj", "{A6F718A7-8505-4435-A1F3-E630F3AC3C3B}"
EndProject
Project("{FAE04EC0-301F-11D3-BF4B-00C04F79EFBC}") = "04.Task1.Variant3", "04.Task1.Variant3\04.Task1.Variant3.csproj", "{31DD230E-6AD5-4E15-AAD9-1A87789636FB}"
EndProject
Global
	GlobalSection(SolutionConfigurationPlatforms) = preSolution
		Debug|Any CPU = Debug|Any CPU
		Release|Any CPU = Release|Any CPU
	EndGlobalSection
	GlobalSection(ProjectConfigurationPlatforms) = postSolution
		{AD4D6471-CACD-43AA-8987-E8D391A40F77}.Debug|Any CPU.ActiveCfg = Debug|Any CPU
		{AD4D6471-CACD-43AA-8987-E8D391A40F77}.Debug|Any CPU.Build.0 = Debug|Any CPU
		{AD4D6471-CACD-43AA-8987-E8D391A40F77}.Release|Any CPU.ActiveCfg = Release|Any CPU
		{AD4D6471-CACD-43AA-8987-E8D391A40F77}.Release|Any CPU.Build.0 = Release|Any CPU
		{B9D64D97-76E6-43B7-A3D1-DD29FE2E1BB5}.Debug|Any CPU.ActiveCfg = Debug|Any CPU
		{B9D64D97-76E6-43B7-A3D1-DD29FE2E1BB5}.Debug|Any CPU.Build.0 = Debug|Any CPU
		{B9D64D97-76E6-43B7-A3D1-DD29FE2E1BB5}.Release|Any CPU.ActiveCfg = Release|Any CPU
		{B9D64D97-76E6-43B7-A3D1-DD29FE2E1BB5}.Release|Any CPU.Build.0 = Release|Any CPU
		{A6F718A7-8505-4435-A1F3-E630F3AC3C3B}.Debug|Any CPU.ActiveCfg = Debug|Any CPU
		{A6F718A7-8505-4435-A1F3-E630F3AC3C3B}.Debug|Any CPU.Build.0 = Debug|Any CPU
		{A6F718A7-8505-4435-A1F3-E630F3AC3C3B}.Release|Any CPU.ActiveCfg = Release|Any CPU
		{A6F718A7-8505-4435-A1F3-E630F3AC3C3B}.Release|Any CPU.Build.0 = Release|Any CPU
		{31DD230E-6AD5-4E15-AAD9-1A87789636FB}.Debug|Any CPU.ActiveCfg = Debug|Any CPU
		{31DD230E-6AD5-4E15-AAD9-1A87789636FB}.Debug|Any CPU.Build.0 = Debug|Any CPU
		{31DD230E-6AD5-4E15-AAD9-1A87789636FB}.Release|Any CPU.ActiveCfg = Release|Any CPU
		{31DD230E-6AD5-4E15-AAD9-1A87789636FB}.Release|Any CPU.Build.0 = Release|Any CPU
	EndGlobalSection
	GlobalSection(SolutionProperties) = preSolution
		HideSolutionNode = FALSE
	EndGlobalSection
EndGlobal
