
Microsoft Visual Studio Solution File, Format Version 12.00
# Visual Studio 2013
VisualStudioVersion = 12.0.40629.0
MinimumVisualStudioVersion = 10.0.40219.1
Project("{FAE04EC0-301F-11D3-BF4B-00C04F79EFBC}") = "School", "School\School.csproj", "{5427D60A-0D41-41E3-9B6D-8A9759723D96}"
EndProject
Project("{FAE04EC0-301F-11D3-BF4B-00C04F79EFBC}") = "School.Tests", "School.Tests\School.Tests.csproj", "{E7CE93DC-F87D-4C3A-AFDB-D6C30EECE282}"
EndProject
Project("{FAE04EC0-301F-11D3-BF4B-00C04F79EFBC}") = "UserProject", "UserProject\UserProject.csproj", "{E5874DAE-6BE3-498B-A870-9697D10AFACD}"
EndProject
Global
	GlobalSection(SolutionConfigurationPlatforms) = preSolution
		Debug|Any CPU = Debug|Any CPU
		Release|Any CPU = Release|Any CPU
	EndGlobalSection
	GlobalSection(ProjectConfigurationPlatforms) = postSolution
		{5427D60A-0D41-41E3-9B6D-8A9759723D96}.Debug|Any CPU.ActiveCfg = Debug|Any CPU
		{5427D60A-0D41-41E3-9B6D-8A9759723D96}.Debug|Any CPU.Build.0 = Debug|Any CPU
		{5427D60A-0D41-41E3-9B6D-8A9759723D96}.Release|Any CPU.ActiveCfg = Release|Any CPU
		{5427D60A-0D41-41E3-9B6D-8A9759723D96}.Release|Any CPU.Build.0 = Release|Any CPU
		{E7CE93DC-F87D-4C3A-AFDB-D6C30EECE282}.Debug|Any CPU.ActiveCfg = Debug|Any CPU
		{E7CE93DC-F87D-4C3A-AFDB-D6C30EECE282}.Debug|Any CPU.Build.0 = Debug|Any CPU
		{E7CE93DC-F87D-4C3A-AFDB-D6C30EECE282}.Release|Any CPU.ActiveCfg = Release|Any CPU
		{E7CE93DC-F87D-4C3A-AFDB-D6C30EECE282}.Release|Any CPU.Build.0 = Release|Any CPU
		{E5874DAE-6BE3-498B-A870-9697D10AFACD}.Debug|Any CPU.ActiveCfg = Debug|Any CPU
		{E5874DAE-6BE3-498B-A870-9697D10AFACD}.Debug|Any CPU.Build.0 = Debug|Any CPU
		{E5874DAE-6BE3-498B-A870-9697D10AFACD}.Release|Any CPU.ActiveCfg = Release|Any CPU
		{E5874DAE-6BE3-498B-A870-9697D10AFACD}.Release|Any CPU.Build.0 = Release|Any CPU
	EndGlobalSection
	GlobalSection(SolutionProperties) = preSolution
		HideSolutionNode = FALSE
	EndGlobalSection
EndGlobal
