
Microsoft Visual Studio Solution File, Format Version 12.00
# Visual Studio 2013
VisualStudioVersion = 12.0.40629.0
MinimumVisualStudioVersion = 10.0.40219.1
Project("{FAE04EC0-301F-11D3-BF4B-00C04F79EFBC}") = "Problem-1-Printing", "Problem-1-Printing\Problem-1-Printing.csproj", "{37396DD2-7DD8-4A9D-A199-569E8AD0FEE2}"
EndProject
Project("{FAE04EC0-301F-11D3-BF4B-00C04F79EFBC}") = "Problem-2-TextToNumber", "Problem-2-TextToNumber\Problem-2-TextToNumber.csproj", "{8B07603F-C28F-4B65-86DC-7C8B5E6F67E1}"
EndProject
Project("{FAE04EC0-301F-11D3-BF4B-00C04F79EFBC}") = "Problem-3-Saddy Kopper", "Problem-3-Saddy Kopper\Problem-3-Saddy Kopper.csproj", "{F70FEC0B-E37F-45E1-913C-4942A66E0328}"
EndProject
Project("{FAE04EC0-301F-11D3-BF4B-00C04F79EFBC}") = "Problem-5-BitsToBits", "Problem-5-BitsToBits\Problem-5-BitsToBits.csproj", "{6DBC00B6-FFC4-49EB-9134-3F7753CCA1DB}"
EndProject
Project("{FAE04EC0-301F-11D3-BF4B-00C04F79EFBC}") = "Problem-1-Garden", "Problem-1-Garden\Problem-1-Garden.csproj", "{14432C0E-677A-43FE-AA2A-D71DAF76E847}"
EndProject
Project("{FAE04EC0-301F-11D3-BF4B-00C04F79EFBC}") = "Problem-2-SecretOfNumbers", "Problem-2-SecretOfNumbers\Problem-2-SecretOfNumbers.csproj", "{4251E15D-43FE-4765-A669-414B2B524283}"
EndProject
Project("{FAE04EC0-301F-11D3-BF4B-00C04F79EFBC}") = "Problem-3-CardWarsBatka", "Problem-3-CardWarsBatka\Problem-3-CardWarsBatka.csproj", "{1A7EEE62-214C-4BEA-A7E4-40D6185A2168}"
EndProject
Project("{FAE04EC0-301F-11D3-BF4B-00C04F79EFBC}") = "Problem-4-BatGoikoTower", "Problem-4-BatGoikoTower\Problem-4-BatGoikoTower.csproj", "{B680B623-C85C-47B4-85C0-44F171257B49}"
EndProject
Project("{FAE04EC0-301F-11D3-BF4B-00C04F79EFBC}") = "Problem-5-Bittris", "Problem-5-Bittris\Problem-5-Bittris.csproj", "{968A532C-AE93-4868-A89A-FC14C26FED12}"
EndProject
Project("{FAE04EC0-301F-11D3-BF4B-00C04F79EFBC}") = "Problem-1-Coffee", "Problem-1-Coffee\Problem-1-Coffee.csproj", "{9BD5AB33-2CA9-40B8-BE55-EAC5C27CCF57}"
EndProject
Project("{FAE04EC0-301F-11D3-BF4B-00C04F79EFBC}") = "Problem-2-DrunkenNimbers", "Problem-2-DrunkenNimbers\Problem-2-DrunkenNimbers.csproj", "{98121191-6E84-4912-9218-404246F4FB86}"
EndProject
Project("{FAE04EC0-301F-11D3-BF4B-00C04F79EFBC}") = "Problem-3-BullsCows", "Problem-3-BullsCows\Problem-3-BullsCows.csproj", "{F54DFEC7-9E4A-46F4-AAD3-DE9857412A7C}"
EndProject
Project("{FAE04EC0-301F-11D3-BF4B-00C04F79EFBC}") = "Problem-4-Fire", "Problem-4-Fire\Problem-4-Fire.csproj", "{9BBB2D19-51EF-4F19-B82D-C2ECBC9A3694}"
EndProject
Project("{FAE04EC0-301F-11D3-BF4B-00C04F79EFBC}") = "Problem-5-Neurons", "Problem-5-Neurons\Problem-5-Neurons.csproj", "{90D5A8A3-E04E-4CF9-9083-C69ABB76712D}"
EndProject
Project("{FAE04EC0-301F-11D3-BF4B-00C04F79EFBC}") = "Problem-1-Money", "Problem-1-Money\Problem-1-Money.csproj", "{661B0513-72D9-45C0-BD14-958BF6156BBC}"
EndProject
Project("{FAE04EC0-301F-11D3-BF4B-00C04F79EFBC}") = "Problem-2-EncodingSum", "Problem-2-EncodingSum\Problem-2-EncodingSum.csproj", "{9F3C4D97-7571-4706-BAA5-E90ED3B3D5C3}"
EndProject
Project("{FAE04EC0-301F-11D3-BF4B-00C04F79EFBC}") = "Problem-3-Maslan", "Problem-3-Maslan\Problem-3-Maslan.csproj", "{7D6E1A59-96C2-4908-8D84-BE120BE49590}"
EndProject
Project("{FAE04EC0-301F-11D3-BF4B-00C04F79EFBC}") = "Problem-4-Cube3D", "Problem-4-Cube3D\Problem-4-Cube3D.csproj", "{1FFCE79A-BB20-4F68-935E-1D1CDAE71348}"
EndProject
Project("{FAE04EC0-301F-11D3-BF4B-00C04F79EFBC}") = "Problem-5-SequenceOfBits", "Problem-5-SequenceOfBits\Problem-5-SequenceOfBits.csproj", "{EBA56351-9490-474F-BC60-A514633CD4BA}"
EndProject
Project("{FAE04EC0-301F-11D3-BF4B-00C04F79EFBC}") = "Problem-1-ThreeNumbers", "Problem-1-ThreeNumbers\Problem-1-ThreeNumbers.csproj", "{B7B636AC-BDBB-425E-9D66-AB6703F09888}"
EndProject
Project("{FAE04EC0-301F-11D3-BF4B-00C04F79EFBC}") = "Problem-2-Decoding", "Problem-2-Decoding\Problem-2-Decoding.csproj", "{4C514D73-1AF0-42EB-A8E6-8C171AA5882D}"
EndProject
Project("{FAE04EC0-301F-11D3-BF4B-00C04F79EFBC}") = "Problem-3-ConsoleApp1", "Problem-3-ConsoleApp1\Problem-3-ConsoleApp1.csproj", "{C42D8C86-3B4D-463C-B9B8-DF0DC785A2A6}"
EndProject
Project("{FAE04EC0-301F-11D3-BF4B-00C04F79EFBC}") = "Problem-4-PersianRugs", "Problem-4-PersianRugs\Problem-4-PersianRugs.csproj", "{A5FAABCF-FA58-4842-B182-01532D1DC774}"
EndProject
Project("{FAE04EC0-301F-11D3-BF4B-00C04F79EFBC}") = "Problem-5-SearchBits", "Problem-5-SearchBits\Problem-5-SearchBits.csproj", "{5E920BD1-F9F9-4BFB-BE64-00F8FDC55EEB}"
EndProject
Project("{FAE04EC0-301F-11D3-BF4B-00C04F79EFBC}") = "Problem-4-Cube", "Problem-4-Cube\Problem-4-Cube.csproj", "{99085383-A65D-4DF0-B93F-0271C89BD9F7}"
EndProject
Project("{FAE04EC0-301F-11D3-BF4B-00C04F79EFBC}") = "Chef-1-PieceOfCake", "Chef-1-PieceOfCake\Chef-1-PieceOfCake.csproj", "{3115C82D-2917-40A3-8961-F75304CAE195}"
EndProject
Project("{FAE04EC0-301F-11D3-BF4B-00C04F79EFBC}") = "Chef-2-LifeUniverseEverything", "Chef-2-LifeUniverseEverything\Chef-2-LifeUniverseEverything.csproj", "{8C8EFAB0-A60A-4639-846B-4499B9E38162}"
EndProject
Global
	GlobalSection(SolutionConfigurationPlatforms) = preSolution
		Debug|Any CPU = Debug|Any CPU
		Release|Any CPU = Release|Any CPU
	EndGlobalSection
	GlobalSection(ProjectConfigurationPlatforms) = postSolution
		{37396DD2-7DD8-4A9D-A199-569E8AD0FEE2}.Debug|Any CPU.ActiveCfg = Debug|Any CPU
		{37396DD2-7DD8-4A9D-A199-569E8AD0FEE2}.Debug|Any CPU.Build.0 = Debug|Any CPU
		{37396DD2-7DD8-4A9D-A199-569E8AD0FEE2}.Release|Any CPU.ActiveCfg = Release|Any CPU
		{37396DD2-7DD8-4A9D-A199-569E8AD0FEE2}.Release|Any CPU.Build.0 = Release|Any CPU
		{8B07603F-C28F-4B65-86DC-7C8B5E6F67E1}.Debug|Any CPU.ActiveCfg = Debug|Any CPU
		{8B07603F-C28F-4B65-86DC-7C8B5E6F67E1}.Debug|Any CPU.Build.0 = Debug|Any CPU
		{8B07603F-C28F-4B65-86DC-7C8B5E6F67E1}.Release|Any CPU.ActiveCfg = Release|Any CPU
		{8B07603F-C28F-4B65-86DC-7C8B5E6F67E1}.Release|Any CPU.Build.0 = Release|Any CPU
		{F70FEC0B-E37F-45E1-913C-4942A66E0328}.Debug|Any CPU.ActiveCfg = Debug|Any CPU
		{F70FEC0B-E37F-45E1-913C-4942A66E0328}.Debug|Any CPU.Build.0 = Debug|Any CPU
		{F70FEC0B-E37F-45E1-913C-4942A66E0328}.Release|Any CPU.ActiveCfg = Release|Any CPU
		{F70FEC0B-E37F-45E1-913C-4942A66E0328}.Release|Any CPU.Build.0 = Release|Any CPU
		{6DBC00B6-FFC4-49EB-9134-3F7753CCA1DB}.Debug|Any CPU.ActiveCfg = Debug|Any CPU
		{6DBC00B6-FFC4-49EB-9134-3F7753CCA1DB}.Debug|Any CPU.Build.0 = Debug|Any CPU
		{6DBC00B6-FFC4-49EB-9134-3F7753CCA1DB}.Release|Any CPU.ActiveCfg = Release|Any CPU
		{6DBC00B6-FFC4-49EB-9134-3F7753CCA1DB}.Release|Any CPU.Build.0 = Release|Any CPU
		{14432C0E-677A-43FE-AA2A-D71DAF76E847}.Debug|Any CPU.ActiveCfg = Debug|Any CPU
		{14432C0E-677A-43FE-AA2A-D71DAF76E847}.Debug|Any CPU.Build.0 = Debug|Any CPU
		{14432C0E-677A-43FE-AA2A-D71DAF76E847}.Release|Any CPU.ActiveCfg = Release|Any CPU
		{14432C0E-677A-43FE-AA2A-D71DAF76E847}.Release|Any CPU.Build.0 = Release|Any CPU
		{4251E15D-43FE-4765-A669-414B2B524283}.Debug|Any CPU.ActiveCfg = Debug|Any CPU
		{4251E15D-43FE-4765-A669-414B2B524283}.Debug|Any CPU.Build.0 = Debug|Any CPU
		{4251E15D-43FE-4765-A669-414B2B524283}.Release|Any CPU.ActiveCfg = Release|Any CPU
		{4251E15D-43FE-4765-A669-414B2B524283}.Release|Any CPU.Build.0 = Release|Any CPU
		{1A7EEE62-214C-4BEA-A7E4-40D6185A2168}.Debug|Any CPU.ActiveCfg = Debug|Any CPU
		{1A7EEE62-214C-4BEA-A7E4-40D6185A2168}.Debug|Any CPU.Build.0 = Debug|Any CPU
		{1A7EEE62-214C-4BEA-A7E4-40D6185A2168}.Release|Any CPU.ActiveCfg = Release|Any CPU
		{1A7EEE62-214C-4BEA-A7E4-40D6185A2168}.Release|Any CPU.Build.0 = Release|Any CPU
		{B680B623-C85C-47B4-85C0-44F171257B49}.Debug|Any CPU.ActiveCfg = Debug|Any CPU
		{B680B623-C85C-47B4-85C0-44F171257B49}.Debug|Any CPU.Build.0 = Debug|Any CPU
		{B680B623-C85C-47B4-85C0-44F171257B49}.Release|Any CPU.ActiveCfg = Release|Any CPU
		{B680B623-C85C-47B4-85C0-44F171257B49}.Release|Any CPU.Build.0 = Release|Any CPU
		{968A532C-AE93-4868-A89A-FC14C26FED12}.Debug|Any CPU.ActiveCfg = Debug|Any CPU
		{968A532C-AE93-4868-A89A-FC14C26FED12}.Debug|Any CPU.Build.0 = Debug|Any CPU
		{968A532C-AE93-4868-A89A-FC14C26FED12}.Release|Any CPU.ActiveCfg = Release|Any CPU
		{968A532C-AE93-4868-A89A-FC14C26FED12}.Release|Any CPU.Build.0 = Release|Any CPU
		{9BD5AB33-2CA9-40B8-BE55-EAC5C27CCF57}.Debug|Any CPU.ActiveCfg = Debug|Any CPU
		{9BD5AB33-2CA9-40B8-BE55-EAC5C27CCF57}.Debug|Any CPU.Build.0 = Debug|Any CPU
		{9BD5AB33-2CA9-40B8-BE55-EAC5C27CCF57}.Release|Any CPU.ActiveCfg = Release|Any CPU
		{9BD5AB33-2CA9-40B8-BE55-EAC5C27CCF57}.Release|Any CPU.Build.0 = Release|Any CPU
		{98121191-6E84-4912-9218-404246F4FB86}.Debug|Any CPU.ActiveCfg = Debug|Any CPU
		{98121191-6E84-4912-9218-404246F4FB86}.Debug|Any CPU.Build.0 = Debug|Any CPU
		{98121191-6E84-4912-9218-404246F4FB86}.Release|Any CPU.ActiveCfg = Release|Any CPU
		{98121191-6E84-4912-9218-404246F4FB86}.Release|Any CPU.Build.0 = Release|Any CPU
		{F54DFEC7-9E4A-46F4-AAD3-DE9857412A7C}.Debug|Any CPU.ActiveCfg = Debug|Any CPU
		{F54DFEC7-9E4A-46F4-AAD3-DE9857412A7C}.Debug|Any CPU.Build.0 = Debug|Any CPU
		{F54DFEC7-9E4A-46F4-AAD3-DE9857412A7C}.Release|Any CPU.ActiveCfg = Release|Any CPU
		{F54DFEC7-9E4A-46F4-AAD3-DE9857412A7C}.Release|Any CPU.Build.0 = Release|Any CPU
		{9BBB2D19-51EF-4F19-B82D-C2ECBC9A3694}.Debug|Any CPU.ActiveCfg = Debug|Any CPU
		{9BBB2D19-51EF-4F19-B82D-C2ECBC9A3694}.Debug|Any CPU.Build.0 = Debug|Any CPU
		{9BBB2D19-51EF-4F19-B82D-C2ECBC9A3694}.Release|Any CPU.ActiveCfg = Release|Any CPU
		{9BBB2D19-51EF-4F19-B82D-C2ECBC9A3694}.Release|Any CPU.Build.0 = Release|Any CPU
		{90D5A8A3-E04E-4CF9-9083-C69ABB76712D}.Debug|Any CPU.ActiveCfg = Debug|Any CPU
		{90D5A8A3-E04E-4CF9-9083-C69ABB76712D}.Debug|Any CPU.Build.0 = Debug|Any CPU
		{90D5A8A3-E04E-4CF9-9083-C69ABB76712D}.Release|Any CPU.ActiveCfg = Release|Any CPU
		{90D5A8A3-E04E-4CF9-9083-C69ABB76712D}.Release|Any CPU.Build.0 = Release|Any CPU
		{661B0513-72D9-45C0-BD14-958BF6156BBC}.Debug|Any CPU.ActiveCfg = Debug|Any CPU
		{661B0513-72D9-45C0-BD14-958BF6156BBC}.Debug|Any CPU.Build.0 = Debug|Any CPU
		{661B0513-72D9-45C0-BD14-958BF6156BBC}.Release|Any CPU.ActiveCfg = Release|Any CPU
		{661B0513-72D9-45C0-BD14-958BF6156BBC}.Release|Any CPU.Build.0 = Release|Any CPU
		{9F3C4D97-7571-4706-BAA5-E90ED3B3D5C3}.Debug|Any CPU.ActiveCfg = Debug|Any CPU
		{9F3C4D97-7571-4706-BAA5-E90ED3B3D5C3}.Debug|Any CPU.Build.0 = Debug|Any CPU
		{9F3C4D97-7571-4706-BAA5-E90ED3B3D5C3}.Release|Any CPU.ActiveCfg = Release|Any CPU
		{9F3C4D97-7571-4706-BAA5-E90ED3B3D5C3}.Release|Any CPU.Build.0 = Release|Any CPU
		{7D6E1A59-96C2-4908-8D84-BE120BE49590}.Debug|Any CPU.ActiveCfg = Debug|Any CPU
		{7D6E1A59-96C2-4908-8D84-BE120BE49590}.Debug|Any CPU.Build.0 = Debug|Any CPU
		{7D6E1A59-96C2-4908-8D84-BE120BE49590}.Release|Any CPU.ActiveCfg = Release|Any CPU
		{7D6E1A59-96C2-4908-8D84-BE120BE49590}.Release|Any CPU.Build.0 = Release|Any CPU
		{1FFCE79A-BB20-4F68-935E-1D1CDAE71348}.Debug|Any CPU.ActiveCfg = Debug|Any CPU
		{1FFCE79A-BB20-4F68-935E-1D1CDAE71348}.Debug|Any CPU.Build.0 = Debug|Any CPU
		{1FFCE79A-BB20-4F68-935E-1D1CDAE71348}.Release|Any CPU.ActiveCfg = Release|Any CPU
		{1FFCE79A-BB20-4F68-935E-1D1CDAE71348}.Release|Any CPU.Build.0 = Release|Any CPU
		{EBA56351-9490-474F-BC60-A514633CD4BA}.Debug|Any CPU.ActiveCfg = Debug|Any CPU
		{EBA56351-9490-474F-BC60-A514633CD4BA}.Debug|Any CPU.Build.0 = Debug|Any CPU
		{EBA56351-9490-474F-BC60-A514633CD4BA}.Release|Any CPU.ActiveCfg = Release|Any CPU
		{EBA56351-9490-474F-BC60-A514633CD4BA}.Release|Any CPU.Build.0 = Release|Any CPU
		{B7B636AC-BDBB-425E-9D66-AB6703F09888}.Debug|Any CPU.ActiveCfg = Debug|Any CPU
		{B7B636AC-BDBB-425E-9D66-AB6703F09888}.Debug|Any CPU.Build.0 = Debug|Any CPU
		{B7B636AC-BDBB-425E-9D66-AB6703F09888}.Release|Any CPU.ActiveCfg = Release|Any CPU
		{B7B636AC-BDBB-425E-9D66-AB6703F09888}.Release|Any CPU.Build.0 = Release|Any CPU
		{4C514D73-1AF0-42EB-A8E6-8C171AA5882D}.Debug|Any CPU.ActiveCfg = Debug|Any CPU
		{4C514D73-1AF0-42EB-A8E6-8C171AA5882D}.Debug|Any CPU.Build.0 = Debug|Any CPU
		{4C514D73-1AF0-42EB-A8E6-8C171AA5882D}.Release|Any CPU.ActiveCfg = Release|Any CPU
		{4C514D73-1AF0-42EB-A8E6-8C171AA5882D}.Release|Any CPU.Build.0 = Release|Any CPU
		{C42D8C86-3B4D-463C-B9B8-DF0DC785A2A6}.Debug|Any CPU.ActiveCfg = Debug|Any CPU
		{C42D8C86-3B4D-463C-B9B8-DF0DC785A2A6}.Debug|Any CPU.Build.0 = Debug|Any CPU
		{C42D8C86-3B4D-463C-B9B8-DF0DC785A2A6}.Release|Any CPU.ActiveCfg = Release|Any CPU
		{C42D8C86-3B4D-463C-B9B8-DF0DC785A2A6}.Release|Any CPU.Build.0 = Release|Any CPU
		{A5FAABCF-FA58-4842-B182-01532D1DC774}.Debug|Any CPU.ActiveCfg = Debug|Any CPU
		{A5FAABCF-FA58-4842-B182-01532D1DC774}.Debug|Any CPU.Build.0 = Debug|Any CPU
		{A5FAABCF-FA58-4842-B182-01532D1DC774}.Release|Any CPU.ActiveCfg = Release|Any CPU
		{A5FAABCF-FA58-4842-B182-01532D1DC774}.Release|Any CPU.Build.0 = Release|Any CPU
		{5E920BD1-F9F9-4BFB-BE64-00F8FDC55EEB}.Debug|Any CPU.ActiveCfg = Debug|Any CPU
		{5E920BD1-F9F9-4BFB-BE64-00F8FDC55EEB}.Debug|Any CPU.Build.0 = Debug|Any CPU
		{5E920BD1-F9F9-4BFB-BE64-00F8FDC55EEB}.Release|Any CPU.ActiveCfg = Release|Any CPU
		{5E920BD1-F9F9-4BFB-BE64-00F8FDC55EEB}.Release|Any CPU.Build.0 = Release|Any CPU
		{99085383-A65D-4DF0-B93F-0271C89BD9F7}.Debug|Any CPU.ActiveCfg = Debug|Any CPU
		{99085383-A65D-4DF0-B93F-0271C89BD9F7}.Debug|Any CPU.Build.0 = Debug|Any CPU
		{99085383-A65D-4DF0-B93F-0271C89BD9F7}.Release|Any CPU.ActiveCfg = Release|Any CPU
		{99085383-A65D-4DF0-B93F-0271C89BD9F7}.Release|Any CPU.Build.0 = Release|Any CPU
		{3115C82D-2917-40A3-8961-F75304CAE195}.Debug|Any CPU.ActiveCfg = Debug|Any CPU
		{3115C82D-2917-40A3-8961-F75304CAE195}.Debug|Any CPU.Build.0 = Debug|Any CPU
		{3115C82D-2917-40A3-8961-F75304CAE195}.Release|Any CPU.ActiveCfg = Release|Any CPU
		{3115C82D-2917-40A3-8961-F75304CAE195}.Release|Any CPU.Build.0 = Release|Any CPU
		{8C8EFAB0-A60A-4639-846B-4499B9E38162}.Debug|Any CPU.ActiveCfg = Debug|Any CPU
		{8C8EFAB0-A60A-4639-846B-4499B9E38162}.Debug|Any CPU.Build.0 = Debug|Any CPU
		{8C8EFAB0-A60A-4639-846B-4499B9E38162}.Release|Any CPU.ActiveCfg = Release|Any CPU
		{8C8EFAB0-A60A-4639-846B-4499B9E38162}.Release|Any CPU.Build.0 = Release|Any CPU
	EndGlobalSection
	GlobalSection(SolutionProperties) = preSolution
		HideSolutionNode = FALSE
	EndGlobalSection
EndGlobal
