
Microsoft Visual Studio Solution File, Format Version 12.00
# Visual Studio 14
VisualStudioVersion = 14.0.25123.0
MinimumVisualStudioVersion = 10.0.40219.1
Project("{FAE04EC0-301F-11D3-BF4B-00C04F79EFBC}") = "Societies", "Societies\Societies.csproj", "{13929F0A-0C91-4F1C-9D66-7D2037A05EAB}"
EndProject
Project("{FAE04EC0-301F-11D3-BF4B-00C04F79EFBC}") = "SocietiesCore", "SocietiesCore\SocietiesCore.csproj", "{FE7E5A89-451B-48A7-A807-97EBC3F41B0C}"
EndProject
Global
	GlobalSection(SolutionConfigurationPlatforms) = preSolution
		Debug|Any CPU = Debug|Any CPU
		Release|Any CPU = Release|Any CPU
	EndGlobalSection
	GlobalSection(ProjectConfigurationPlatforms) = postSolution
		{13929F0A-0C91-4F1C-9D66-7D2037A05EAB}.Debug|Any CPU.ActiveCfg = Debug|Any CPU
		{13929F0A-0C91-4F1C-9D66-7D2037A05EAB}.Debug|Any CPU.Build.0 = Debug|Any CPU
		{13929F0A-0C91-4F1C-9D66-7D2037A05EAB}.Release|Any CPU.ActiveCfg = Release|Any CPU
		{13929F0A-0C91-4F1C-9D66-7D2037A05EAB}.Release|Any CPU.Build.0 = Release|Any CPU
		{FE7E5A89-451B-48A7-A807-97EBC3F41B0C}.Debug|Any CPU.ActiveCfg = Debug|Any CPU
		{FE7E5A89-451B-48A7-A807-97EBC3F41B0C}.Debug|Any CPU.Build.0 = Debug|Any CPU
		{FE7E5A89-451B-48A7-A807-97EBC3F41B0C}.Release|Any CPU.ActiveCfg = Release|Any CPU
		{FE7E5A89-451B-48A7-A807-97EBC3F41B0C}.Release|Any CPU.Build.0 = Release|Any CPU
	EndGlobalSection
	GlobalSection(SolutionProperties) = preSolution
		HideSolutionNode = FALSE
	EndGlobalSection
EndGlobal
