
Microsoft Visual Studio Solution File, Format Version 12.00
# Visual Studio 14
VisualStudioVersion = 14.0.25123.0
MinimumVisualStudioVersion = 10.0.40219.1
Project("{FAE04EC0-301F-11D3-BF4B-00C04F79EFBC}") = "01.PrintName", "01.PrintName\01.PrintName.csproj", "{7403AF50-9C24-4195-8AF9-E855CF9F1D58}"
EndProject
Project("{FAE04EC0-301F-11D3-BF4B-00C04F79EFBC}") = "02.GetLargest", "02.GetLargest\02.GetLargest.csproj", "{7AFD43BB-2132-477B-803F-1354AC91BE3D}"
EndProject
Project("{FAE04EC0-301F-11D3-BF4B-00C04F79EFBC}") = "03.EnglishDigit", "03.EnglishDigit\03.EnglishDigit.csproj", "{2B97471A-0563-4435-992C-7DD527DF8703}"
EndProject
Project("{FAE04EC0-301F-11D3-BF4B-00C04F79EFBC}") = "04.AppearanceCount", "04.AppearanceCount\04.AppearanceCount.csproj", "{70702DEE-8D8A-43CA-BF50-C6193BB2136B}"
EndProject
Project("{FAE04EC0-301F-11D3-BF4B-00C04F79EFBC}") = "05.LargerThanNeighbours", "05.LargerThanNeighbours\05.LargerThanNeighbours.csproj", "{E5736842-C9FC-4DD6-85B7-0B9F522E60A4}"
EndProject
Project("{FAE04EC0-301F-11D3-BF4B-00C04F79EFBC}") = "06.FirstLarger", "06.FirstLarger\06.FirstLarger.csproj", "{A55E0311-6532-4AF3-87D8-DDF3A62B2F66}"
EndProject
Project("{FAE04EC0-301F-11D3-BF4B-00C04F79EFBC}") = "07.ReverseNumber", "07.ReverseNumber\07.ReverseNumber.csproj", "{AB0EF34D-58A7-4360-A6B5-872AD31D5FAA}"
EndProject
Project("{FAE04EC0-301F-11D3-BF4B-00C04F79EFBC}") = "08.NumbersArray", "08.NumbersArray\08.NumbersArray.csproj", "{4FBB4940-09EB-45CD-B74D-AB4FBC1E7339}"
EndProject
Project("{FAE04EC0-301F-11D3-BF4B-00C04F79EFBC}") = "00.Methods", "00.Methods\00.Methods.csproj", "{F64CB3EF-CDE1-4728-A45F-AF101333D945}"
EndProject
Project("{FAE04EC0-301F-11D3-BF4B-00C04F79EFBC}") = "09.SortingArray", "09.SortingArray\09.SortingArray.csproj", "{F201C106-94C3-4D7C-83C6-0D82676C3382}"
EndProject
Project("{FAE04EC0-301F-11D3-BF4B-00C04F79EFBC}") = "10.NFactorial", "10.NFactorial\10.NFactorial.csproj", "{0057E47E-F760-4033-AF25-21DCEF65EBEE}"
EndProject
Project("{FAE04EC0-301F-11D3-BF4B-00C04F79EFBC}") = "11.AddPolinomials", "11.AddPolinomials\11.AddPolinomials.csproj", "{FA7E7409-EAE3-489C-AAB6-36D6C3A09A9E}"
EndProject
Project("{FAE04EC0-301F-11D3-BF4B-00C04F79EFBC}") = "14.IntCalculations", "14.IntCalculations\14.IntCalculations.csproj", "{0DBCC862-2CB2-4137-8609-D7FFF3758DB5}"
EndProject
Project("{FAE04EC0-301F-11D3-BF4B-00C04F79EFBC}") = "12.CalcPolinomials", "12.CalcPolinomials\12.CalcPolinomials.csproj", "{7C5A8388-9805-4600-BD84-EB4CC40EABAA}"
EndProject
Project("{FAE04EC0-301F-11D3-BF4B-00C04F79EFBC}") = "13.SolveTasks", "13.SolveTasks\13.SolveTasks.csproj", "{5614898C-0DF4-4C20-A650-B2BE9C9ABBF4}"
EndProject
Project("{FAE04EC0-301F-11D3-BF4B-00C04F79EFBC}") = "15.NumberCalculations", "15.NumberCalculations\15.NumberCalculations.csproj", "{7AE786F3-2604-468C-858D-D79F5C7389A3}"
EndProject
Global
	GlobalSection(SolutionConfigurationPlatforms) = preSolution
		Debug|Any CPU = Debug|Any CPU
		Release|Any CPU = Release|Any CPU
	EndGlobalSection
	GlobalSection(ProjectConfigurationPlatforms) = postSolution
		{7403AF50-9C24-4195-8AF9-E855CF9F1D58}.Debug|Any CPU.ActiveCfg = Debug|Any CPU
		{7403AF50-9C24-4195-8AF9-E855CF9F1D58}.Debug|Any CPU.Build.0 = Debug|Any CPU
		{7403AF50-9C24-4195-8AF9-E855CF9F1D58}.Release|Any CPU.ActiveCfg = Release|Any CPU
		{7403AF50-9C24-4195-8AF9-E855CF9F1D58}.Release|Any CPU.Build.0 = Release|Any CPU
		{7AFD43BB-2132-477B-803F-1354AC91BE3D}.Debug|Any CPU.ActiveCfg = Debug|Any CPU
		{7AFD43BB-2132-477B-803F-1354AC91BE3D}.Debug|Any CPU.Build.0 = Debug|Any CPU
		{7AFD43BB-2132-477B-803F-1354AC91BE3D}.Release|Any CPU.ActiveCfg = Release|Any CPU
		{7AFD43BB-2132-477B-803F-1354AC91BE3D}.Release|Any CPU.Build.0 = Release|Any CPU
		{2B97471A-0563-4435-992C-7DD527DF8703}.Debug|Any CPU.ActiveCfg = Debug|Any CPU
		{2B97471A-0563-4435-992C-7DD527DF8703}.Debug|Any CPU.Build.0 = Debug|Any CPU
		{2B97471A-0563-4435-992C-7DD527DF8703}.Release|Any CPU.ActiveCfg = Release|Any CPU
		{2B97471A-0563-4435-992C-7DD527DF8703}.Release|Any CPU.Build.0 = Release|Any CPU
		{70702DEE-8D8A-43CA-BF50-C6193BB2136B}.Debug|Any CPU.ActiveCfg = Debug|Any CPU
		{70702DEE-8D8A-43CA-BF50-C6193BB2136B}.Debug|Any CPU.Build.0 = Debug|Any CPU
		{70702DEE-8D8A-43CA-BF50-C6193BB2136B}.Release|Any CPU.ActiveCfg = Release|Any CPU
		{70702DEE-8D8A-43CA-BF50-C6193BB2136B}.Release|Any CPU.Build.0 = Release|Any CPU
		{E5736842-C9FC-4DD6-85B7-0B9F522E60A4}.Debug|Any CPU.ActiveCfg = Debug|Any CPU
		{E5736842-C9FC-4DD6-85B7-0B9F522E60A4}.Debug|Any CPU.Build.0 = Debug|Any CPU
		{E5736842-C9FC-4DD6-85B7-0B9F522E60A4}.Release|Any CPU.ActiveCfg = Release|Any CPU
		{E5736842-C9FC-4DD6-85B7-0B9F522E60A4}.Release|Any CPU.Build.0 = Release|Any CPU
		{A55E0311-6532-4AF3-87D8-DDF3A62B2F66}.Debug|Any CPU.ActiveCfg = Debug|Any CPU
		{A55E0311-6532-4AF3-87D8-DDF3A62B2F66}.Debug|Any CPU.Build.0 = Debug|Any CPU
		{A55E0311-6532-4AF3-87D8-DDF3A62B2F66}.Release|Any CPU.ActiveCfg = Release|Any CPU
		{A55E0311-6532-4AF3-87D8-DDF3A62B2F66}.Release|Any CPU.Build.0 = Release|Any CPU
		{AB0EF34D-58A7-4360-A6B5-872AD31D5FAA}.Debug|Any CPU.ActiveCfg = Debug|Any CPU
		{AB0EF34D-58A7-4360-A6B5-872AD31D5FAA}.Debug|Any CPU.Build.0 = Debug|Any CPU
		{AB0EF34D-58A7-4360-A6B5-872AD31D5FAA}.Release|Any CPU.ActiveCfg = Release|Any CPU
		{AB0EF34D-58A7-4360-A6B5-872AD31D5FAA}.Release|Any CPU.Build.0 = Release|Any CPU
		{4FBB4940-09EB-45CD-B74D-AB4FBC1E7339}.Debug|Any CPU.ActiveCfg = Debug|Any CPU
		{4FBB4940-09EB-45CD-B74D-AB4FBC1E7339}.Debug|Any CPU.Build.0 = Debug|Any CPU
		{4FBB4940-09EB-45CD-B74D-AB4FBC1E7339}.Release|Any CPU.ActiveCfg = Release|Any CPU
		{4FBB4940-09EB-45CD-B74D-AB4FBC1E7339}.Release|Any CPU.Build.0 = Release|Any CPU
		{F64CB3EF-CDE1-4728-A45F-AF101333D945}.Debug|Any CPU.ActiveCfg = Debug|Any CPU
		{F64CB3EF-CDE1-4728-A45F-AF101333D945}.Debug|Any CPU.Build.0 = Debug|Any CPU
		{F64CB3EF-CDE1-4728-A45F-AF101333D945}.Release|Any CPU.ActiveCfg = Release|Any CPU
		{F64CB3EF-CDE1-4728-A45F-AF101333D945}.Release|Any CPU.Build.0 = Release|Any CPU
		{F201C106-94C3-4D7C-83C6-0D82676C3382}.Debug|Any CPU.ActiveCfg = Debug|Any CPU
		{F201C106-94C3-4D7C-83C6-0D82676C3382}.Debug|Any CPU.Build.0 = Debug|Any CPU
		{F201C106-94C3-4D7C-83C6-0D82676C3382}.Release|Any CPU.ActiveCfg = Release|Any CPU
		{F201C106-94C3-4D7C-83C6-0D82676C3382}.Release|Any CPU.Build.0 = Release|Any CPU
		{0057E47E-F760-4033-AF25-21DCEF65EBEE}.Debug|Any CPU.ActiveCfg = Debug|Any CPU
		{0057E47E-F760-4033-AF25-21DCEF65EBEE}.Debug|Any CPU.Build.0 = Debug|Any CPU
		{0057E47E-F760-4033-AF25-21DCEF65EBEE}.Release|Any CPU.ActiveCfg = Release|Any CPU
		{0057E47E-F760-4033-AF25-21DCEF65EBEE}.Release|Any CPU.Build.0 = Release|Any CPU
		{FA7E7409-EAE3-489C-AAB6-36D6C3A09A9E}.Debug|Any CPU.ActiveCfg = Debug|Any CPU
		{FA7E7409-EAE3-489C-AAB6-36D6C3A09A9E}.Debug|Any CPU.Build.0 = Debug|Any CPU
		{FA7E7409-EAE3-489C-AAB6-36D6C3A09A9E}.Release|Any CPU.ActiveCfg = Release|Any CPU
		{FA7E7409-EAE3-489C-AAB6-36D6C3A09A9E}.Release|Any CPU.Build.0 = Release|Any CPU
		{0DBCC862-2CB2-4137-8609-D7FFF3758DB5}.Debug|Any CPU.ActiveCfg = Debug|Any CPU
		{0DBCC862-2CB2-4137-8609-D7FFF3758DB5}.Debug|Any CPU.Build.0 = Debug|Any CPU
		{0DBCC862-2CB2-4137-8609-D7FFF3758DB5}.Release|Any CPU.ActiveCfg = Release|Any CPU
		{0DBCC862-2CB2-4137-8609-D7FFF3758DB5}.Release|Any CPU.Build.0 = Release|Any CPU
		{7C5A8388-9805-4600-BD84-EB4CC40EABAA}.Debug|Any CPU.ActiveCfg = Debug|Any CPU
		{7C5A8388-9805-4600-BD84-EB4CC40EABAA}.Debug|Any CPU.Build.0 = Debug|Any CPU
		{7C5A8388-9805-4600-BD84-EB4CC40EABAA}.Release|Any CPU.ActiveCfg = Release|Any CPU
		{7C5A8388-9805-4600-BD84-EB4CC40EABAA}.Release|Any CPU.Build.0 = Release|Any CPU
		{5614898C-0DF4-4C20-A650-B2BE9C9ABBF4}.Debug|Any CPU.ActiveCfg = Debug|Any CPU
		{5614898C-0DF4-4C20-A650-B2BE9C9ABBF4}.Debug|Any CPU.Build.0 = Debug|Any CPU
		{5614898C-0DF4-4C20-A650-B2BE9C9ABBF4}.Release|Any CPU.ActiveCfg = Release|Any CPU
		{5614898C-0DF4-4C20-A650-B2BE9C9ABBF4}.Release|Any CPU.Build.0 = Release|Any CPU
		{7AE786F3-2604-468C-858D-D79F5C7389A3}.Debug|Any CPU.ActiveCfg = Debug|Any CPU
		{7AE786F3-2604-468C-858D-D79F5C7389A3}.Debug|Any CPU.Build.0 = Debug|Any CPU
		{7AE786F3-2604-468C-858D-D79F5C7389A3}.Release|Any CPU.ActiveCfg = Release|Any CPU
		{7AE786F3-2604-468C-858D-D79F5C7389A3}.Release|Any CPU.Build.0 = Release|Any CPU
	EndGlobalSection
	GlobalSection(SolutionProperties) = preSolution
		HideSolutionNode = FALSE
	EndGlobalSection
EndGlobal
