
Microsoft Visual Studio Solution File, Format Version 12.00
# Visual Studio 14
VisualStudioVersion = 14.0.25123.0
MinimumVisualStudioVersion = 10.0.40219.1
Project("{FAE04EC0-301F-11D3-BF4B-00C04F79EFBC}") = "06.CommonTypeSystem", "06.CommonTypeSystem.csproj", "{708F9AE7-B587-4E9A-8980-4B5C693FAD9A}"
EndProject
Global
	GlobalSection(SolutionConfigurationPlatforms) = preSolution
		Debug|Any CPU = Debug|Any CPU
		Release|Any CPU = Release|Any CPU
	EndGlobalSection
	GlobalSection(ProjectConfigurationPlatforms) = postSolution
		{708F9AE7-B587-4E9A-8980-4B5C693FAD9A}.Debug|Any CPU.ActiveCfg = Debug|Any CPU
		{708F9AE7-B587-4E9A-8980-4B5C693FAD9A}.Debug|Any CPU.Build.0 = Debug|Any CPU
		{708F9AE7-B587-4E9A-8980-4B5C693FAD9A}.Release|Any CPU.ActiveCfg = Release|Any CPU
		{708F9AE7-B587-4E9A-8980-4B5C693FAD9A}.Release|Any CPU.Build.0 = Release|Any CPU
	EndGlobalSection
	GlobalSection(SolutionProperties) = preSolution
		HideSolutionNode = FALSE
	EndGlobalSection
EndGlobal
