
Microsoft Visual Studio Solution File, Format Version 12.00
# Visual Studio 2013
VisualStudioVersion = 12.0.40629.0
MinimumVisualStudioVersion = 10.0.40219.1
Project("{FAE04EC0-301F-11D3-BF4B-00C04F79EFBC}") = "Task-1-Squirrels", "Task-1-Squirrels\Task-1-Squirrels.csproj", "{D4760306-0C8D-4743-B8B2-9F2DC94FB411}"
EndProject
Project("{FAE04EC0-301F-11D3-BF4B-00C04F79EFBC}") = "Task-2-Speeds", "Task-2-Speeds\Task-2-Speeds.csproj", "{7D22CC92-A4C6-47AD-BECE-8A7A20721FB8}"
EndProject
Project("{FAE04EC0-301F-11D3-BF4B-00C04F79EFBC}") = "Task-3-EvenDivisors", "Task-3-EvenDivisors\Task-3-EvenDivisors.csproj", "{22A345CA-4127-4BB8-A948-A6369D7F0CB7}"
EndProject
Project("{FAE04EC0-301F-11D3-BF4B-00C04F79EFBC}") = "Task-4-MalkoKote", "Task-4-MalkoKote\Task-4-MalkoKote.csproj", "{63FE0E6A-EDD0-4CC8-B4BD-4D6C30374D8B}"
EndProject
Project("{FAE04EC0-301F-11D3-BF4B-00C04F79EFBC}") = "Task-5-Conductor", "Task-5-Conductor\Task-5-Conductor.csproj", "{D886AC4E-36FB-4836-BF97-779F48CB4A4A}"
EndProject
Global
	GlobalSection(SolutionConfigurationPlatforms) = preSolution
		Debug|Any CPU = Debug|Any CPU
		Release|Any CPU = Release|Any CPU
	EndGlobalSection
	GlobalSection(ProjectConfigurationPlatforms) = postSolution
		{D4760306-0C8D-4743-B8B2-9F2DC94FB411}.Debug|Any CPU.ActiveCfg = Debug|Any CPU
		{D4760306-0C8D-4743-B8B2-9F2DC94FB411}.Debug|Any CPU.Build.0 = Debug|Any CPU
		{D4760306-0C8D-4743-B8B2-9F2DC94FB411}.Release|Any CPU.ActiveCfg = Release|Any CPU
		{D4760306-0C8D-4743-B8B2-9F2DC94FB411}.Release|Any CPU.Build.0 = Release|Any CPU
		{7D22CC92-A4C6-47AD-BECE-8A7A20721FB8}.Debug|Any CPU.ActiveCfg = Debug|Any CPU
		{7D22CC92-A4C6-47AD-BECE-8A7A20721FB8}.Debug|Any CPU.Build.0 = Debug|Any CPU
		{7D22CC92-A4C6-47AD-BECE-8A7A20721FB8}.Release|Any CPU.ActiveCfg = Release|Any CPU
		{7D22CC92-A4C6-47AD-BECE-8A7A20721FB8}.Release|Any CPU.Build.0 = Release|Any CPU
		{22A345CA-4127-4BB8-A948-A6369D7F0CB7}.Debug|Any CPU.ActiveCfg = Debug|Any CPU
		{22A345CA-4127-4BB8-A948-A6369D7F0CB7}.Debug|Any CPU.Build.0 = Debug|Any CPU
		{22A345CA-4127-4BB8-A948-A6369D7F0CB7}.Release|Any CPU.ActiveCfg = Release|Any CPU
		{22A345CA-4127-4BB8-A948-A6369D7F0CB7}.Release|Any CPU.Build.0 = Release|Any CPU
		{63FE0E6A-EDD0-4CC8-B4BD-4D6C30374D8B}.Debug|Any CPU.ActiveCfg = Debug|Any CPU
		{63FE0E6A-EDD0-4CC8-B4BD-4D6C30374D8B}.Debug|Any CPU.Build.0 = Debug|Any CPU
		{63FE0E6A-EDD0-4CC8-B4BD-4D6C30374D8B}.Release|Any CPU.ActiveCfg = Release|Any CPU
		{63FE0E6A-EDD0-4CC8-B4BD-4D6C30374D8B}.Release|Any CPU.Build.0 = Release|Any CPU
		{D886AC4E-36FB-4836-BF97-779F48CB4A4A}.Debug|Any CPU.ActiveCfg = Debug|Any CPU
		{D886AC4E-36FB-4836-BF97-779F48CB4A4A}.Debug|Any CPU.Build.0 = Debug|Any CPU
		{D886AC4E-36FB-4836-BF97-779F48CB4A4A}.Release|Any CPU.ActiveCfg = Release|Any CPU
		{D886AC4E-36FB-4836-BF97-779F48CB4A4A}.Release|Any CPU.Build.0 = Release|Any CPU
	EndGlobalSection
	GlobalSection(SolutionProperties) = preSolution
		HideSolutionNode = FALSE
	EndGlobalSection
EndGlobal
