
Microsoft Visual Studio Solution File, Format Version 12.00
# Visual Studio 14
VisualStudioVersion = 14.0.25123.0
MinimumVisualStudioVersion = 10.0.40219.1
Project("{FAE04EC0-301F-11D3-BF4B-00C04F79EFBC}") = "001.Classes", "001.Classes\001.Classes.csproj", "{2252F04E-15B8-4D32-B762-E49119E01E14}"
EndProject
Project("{FAE04EC0-301F-11D3-BF4B-00C04F79EFBC}") = "002.StringsAndText", "002.StringsAndText\002.StringsAndText.csproj", "{259F32CF-ABDC-4B14-8A69-AEDED4BB6A43}"
EndProject
Project("{FAE04EC0-301F-11D3-BF4B-00C04F79EFBC}") = "003.ExtractStrings", "003.ExtractStrings\003.ExtractStrings.csproj", "{DF74F17C-DBD0-4704-891B-F240C9F7B621}"
EndProject
Global
	GlobalSection(SolutionConfigurationPlatforms) = preSolution
		Debug|Any CPU = Debug|Any CPU
		Release|Any CPU = Release|Any CPU
	EndGlobalSection
	GlobalSection(ProjectConfigurationPlatforms) = postSolution
		{2252F04E-15B8-4D32-B762-E49119E01E14}.Debug|Any CPU.ActiveCfg = Debug|Any CPU
		{2252F04E-15B8-4D32-B762-E49119E01E14}.Debug|Any CPU.Build.0 = Debug|Any CPU
		{2252F04E-15B8-4D32-B762-E49119E01E14}.Release|Any CPU.ActiveCfg = Release|Any CPU
		{2252F04E-15B8-4D32-B762-E49119E01E14}.Release|Any CPU.Build.0 = Release|Any CPU
		{259F32CF-ABDC-4B14-8A69-AEDED4BB6A43}.Debug|Any CPU.ActiveCfg = Debug|Any CPU
		{259F32CF-ABDC-4B14-8A69-AEDED4BB6A43}.Debug|Any CPU.Build.0 = Debug|Any CPU
		{259F32CF-ABDC-4B14-8A69-AEDED4BB6A43}.Release|Any CPU.ActiveCfg = Release|Any CPU
		{259F32CF-ABDC-4B14-8A69-AEDED4BB6A43}.Release|Any CPU.Build.0 = Release|Any CPU
		{DF74F17C-DBD0-4704-891B-F240C9F7B621}.Debug|Any CPU.ActiveCfg = Debug|Any CPU
		{DF74F17C-DBD0-4704-891B-F240C9F7B621}.Debug|Any CPU.Build.0 = Debug|Any CPU
		{DF74F17C-DBD0-4704-891B-F240C9F7B621}.Release|Any CPU.ActiveCfg = Release|Any CPU
		{DF74F17C-DBD0-4704-891B-F240C9F7B621}.Release|Any CPU.Build.0 = Release|Any CPU
	EndGlobalSection
	GlobalSection(SolutionProperties) = preSolution
		HideSolutionNode = FALSE
	EndGlobalSection
EndGlobal
